{
  "name": "node-red-contrib-easing",
  "version": "0.1.6",
  "lockfileVersion": 1,
  "requires": true,
  "dependencies": {
    "lodash": {
      "version": "4.17.19",
      "resolved": "https://registry.npmjs.org/lodash/-/lodash-4.17.19.tgz",
      "integrity": "sha512-JNvd8XER9GQX0v2qJgsaN/mzFCNA5BRe/j8JN9d+tWyGLSodKQHKFicdwNYzWwI3wjRnaKPsGj1XkBjx/F96DQ=="
    },
    "matplotnode": {
      "version": "0.4.2",
      "resolved": "https://registry.npmjs.org/matplotnode/-/matplotnode-0.4.2.tgz",
      "integrity": "sha512-PvamLgebQbPQ9eJs8bkyODnabWRmKivAAgEuP9Kg8gpXiEUwPFL3cPfLfZtHQhqYCwmzjIsMjrWfz2UPf2jrUA==",
      "dev": true
    }
  }
}
